// !$*UTF8*$!
{
	archiveVersion = 1;
	classes = {
	};
	objectVersion = 42;
	objects = {

/* Begin PBXBuildFile section */
		3D519C4C121448440067F7CB /* ManOpen-macos.xib in Resources */ = {isa = PBXBuildFile; fileRef = 3D519C4A121448440067F7CB /* ManOpen-macos.xib */; };
		3D519C5D12144C960067F7CB /* PrefPanel.xib in Resources */ = {isa = PBXBuildFile; fileRef = 3D519C5112144C960067F7CB /* PrefPanel.xib */; };
		3D519C5E12144C960067F7CB /* ManPageLibrarian.xib in Resources */ = {isa = PBXBuildFile; fileRef = 3D519C5312144C960067F7CB /* ManPageLibrarian.xib */; };
		3D519C5F12144C960067F7CB /* ManPage.xib in Resources */ = {isa = PBXBuildFile; fileRef = 3D519C5512144C960067F7CB /* ManPage.xib */; };
		3D519C6012144C960067F7CB /* FindPanel.xib in Resources */ = {isa = PBXBuildFile; fileRef = 3D519C5712144C960067F7CB /* FindPanel.xib */; };
		3D519C6112144C960067F7CB /* DocController.xib in Resources */ = {isa = PBXBuildFile; fileRef = 3D519C5912144C960067F7CB /* DocController.xib */; };
		3D519C6212144C960067F7CB /* Apropos.xib in Resources */ = {isa = PBXBuildFile; fileRef = 3D519C5B12144C960067F7CB /* Apropos.xib */; };
		3D519C7D12144F900067F7CB /* down.tiff in Resources */ = {isa = PBXBuildFile; fileRef = 3D519C7812144F900067F7CB /* down.tiff */; };
		3D519C7E12144F900067F7CB /* Find.tiff in Resources */ = {isa = PBXBuildFile; fileRef = 3D519C7912144F900067F7CB /* Find.tiff */; };
		3D519C7F12144F900067F7CB /* FindLibrarian.tiff in Resources */ = {isa = PBXBuildFile; fileRef = 3D519C7A12144F900067F7CB /* FindLibrarian.tiff */; };
		3D519C8012144F900067F7CB /* helpQMark.tiff in Resources */ = {isa = PBXBuildFile; fileRef = 3D519C7B12144F900067F7CB /* helpQMark.tiff */; };
		3D519C8112144F900067F7CB /* up.tiff in Resources */ = {isa = PBXBuildFile; fileRef = 3D519C7C12144F900067F7CB /* up.tiff */; };
		3D64E54C0DFBE63C0058D167 /* LinkCursor.tiff in Resources */ = {isa = PBXBuildFile; fileRef = 3D64E5490DFBE63C0058D167 /* LinkCursor.tiff */; };
		3D64E54D0DFBE63C0058D167 /* ManOpen.icns in Resources */ = {isa = PBXBuildFile; fileRef = 3D64E54A0DFBE63C0058D167 /* ManOpen.icns */; };
		3D64E54E0DFBE63C0058D167 /* ManOpen.tiff in Resources */ = {isa = PBXBuildFile; fileRef = 3D64E54B0DFBE63C0058D167 /* ManOpen.tiff */; };
		3D64E5530DFBE65F0058D167 /* Credits.rtf in Resources */ = {isa = PBXBuildFile; fileRef = 3D64E5510DFBE65F0058D167 /* Credits.rtf */; };
		3D64E5580DFBE6A20058D167 /* ManOpen.scriptTerminology in Resources */ = {isa = PBXBuildFile; fileRef = 3D64E5570DFBE6A20058D167 /* ManOpen.scriptTerminology */; };
		3D64E55A0DFBE6B00058D167 /* ManOpen.scriptSuite in Resources */ = {isa = PBXBuildFile; fileRef = 3D64E5590DFBE6B00058D167 /* ManOpen.scriptSuite */; };
		3D64E56D0DFBE6E40058D167 /* ManDocument.m in Sources */ = {isa = PBXBuildFile; fileRef = 3D64E55F0DFBE6E40058D167 /* ManDocument.m */; };
		3D64E56E0DFBE6E40058D167 /* ManDocumentController.m in Sources */ = {isa = PBXBuildFile; fileRef = 3D64E5610DFBE6E40058D167 /* ManDocumentController.m */; };
		3D64E56F0DFBE6E40058D167 /* NSData+Utils.m in Sources */ = {isa = PBXBuildFile; fileRef = 3D64E5630DFBE6E40058D167 /* NSData+Utils.m */; };
		3D64E5700DFBE6E40058D167 /* PrefPanelController.m in Sources */ = {isa = PBXBuildFile; fileRef = 3D64E5660DFBE6E40058D167 /* PrefPanelController.m */; };
		3D64E5710DFBE6E40058D167 /* FindPanelController.m in Sources */ = {isa = PBXBuildFile; fileRef = 3D64E5670DFBE6E40058D167 /* FindPanelController.m */; };
		3D64E5720DFBE6E40058D167 /* ManOpen_main.m in Sources */ = {isa = PBXBuildFile; fileRef = 3D64E5690DFBE6E40058D167 /* ManOpen_main.m */; };
		3D64E5730DFBE6E40058D167 /* AproposDocument.m in Sources */ = {isa = PBXBuildFile; fileRef = 3D64E56B0DFBE6E40058D167 /* AproposDocument.m */; };
		3D64E5A80DFBE96F0058D167 /* cat2rtf.c in Sources */ = {isa = PBXBuildFile; fileRef = 3D64E5A70DFBE96F0058D167 /* cat2rtf.c */; };
		3D64E5BF0DFBEA490058D167 /* cat2html.c in Sources */ = {isa = PBXBuildFile; fileRef = 3D64E5BE0DFBEA490058D167 /* cat2html.c */; };
		3D64E5DF0DFBEB0E0058D167 /* openman.m in Sources */ = {isa = PBXBuildFile; fileRef = 3D64E5DE0DFBEB0E0058D167 /* openman.m */; };
		3D64E6D10DFBEF030058D167 /* cat2rtf in CopyFiles */ = {isa = PBXBuildFile; fileRef = 3D64E59E0DFBE9480058D167 /* cat2rtf */; };
		3D64E6D20DFBEF030058D167 /* cat2html in CopyFiles */ = {isa = PBXBuildFile; fileRef = 3D64E5B20DFBE9E60058D167 /* cat2html */; };
		3D64E7960DFBF0190058D167 /* AppKit.framework in Frameworks */ = {isa = PBXBuildFile; fileRef = 3D64E7940DFBF0190058D167 /* AppKit.framework */; };
		3D64E7970DFBF0190058D167 /* Foundation.framework in Frameworks */ = {isa = PBXBuildFile; fileRef = 3D64E7950DFBF0190058D167 /* Foundation.framework */; };
		3D64E7990DFBF0190058D167 /* Foundation.framework in Frameworks */ = {isa = PBXBuildFile; fileRef = 3D64E7950DFBF0190058D167 /* Foundation.framework */; };
		3D64E79B0DFBF0190058D167 /* Foundation.framework in Frameworks */ = {isa = PBXBuildFile; fileRef = 3D64E7950DFBF0190058D167 /* Foundation.framework */; };
		3D64E79C0DFBF0190058D167 /* AppKit.framework in Frameworks */ = {isa = PBXBuildFile; fileRef = 3D64E7940DFBF0190058D167 /* AppKit.framework */; };
		3D64E79D0DFBF0190058D167 /* Foundation.framework in Frameworks */ = {isa = PBXBuildFile; fileRef = 3D64E7950DFBF0190058D167 /* Foundation.framework */; };
		3DDFB61D0DFBF1DC00AE5191 /* openman in CopyFiles */ = {isa = PBXBuildFile; fileRef = 3D64E5CF0DFBEAE60058D167 /* openman */; };
		8D11072B0486CEB800E47090 /* InfoPlist.strings in Resources */ = {isa = PBXBuildFile; fileRef = 089C165CFE840E0CC02AAC07 /* InfoPlist.strings */; };
/* End PBXBuildFile section */

/* Begin PBXContainerItemProxy section */
		3D64E68C0DFBEC180058D167 /* PBXContainerItemProxy */ = {
			isa = PBXContainerItemProxy;
			containerPortal = 29B97313FDCFA39411CA2CEA /* Project object */;
			proxyType = 1;
			remoteGlobalIDString = 3D64E59D0DFBE9480058D167;
			remoteInfo = cat2rtf;
		};
		3D64E68E0DFBEC1F0058D167 /* PBXContainerItemProxy */ = {
			isa = PBXContainerItemProxy;
			containerPortal = 29B97313FDCFA39411CA2CEA /* Project object */;
			proxyType = 1;
			remoteGlobalIDString = 3D64E5B10DFBE9E60058D167;
			remoteInfo = cat2html;
		};
		3DDFB6170DFBF1D100AE5191 /* PBXContainerItemProxy */ = {
			isa = PBXContainerItemProxy;
			containerPortal = 29B97313FDCFA39411CA2CEA /* Project object */;
			proxyType = 1;
			remoteGlobalIDString = 3D64E5CE0DFBEAE60058D167;
			remoteInfo = openman;
		};
/* End PBXContainerItemProxy section */

/* Begin PBXCopyFilesBuildPhase section */
		3D64E6CD0DFBEEF10058D167 /* CopyFiles */ = {
			isa = PBXCopyFilesBuildPhase;
			buildActionMask = 2147483647;
			dstPath = "";
			dstSubfolderSpec = 7;
			files = (
				3D64E6D10DFBEF030058D167 /* cat2rtf in CopyFiles */,
				3D64E6D20DFBEF030058D167 /* cat2html in CopyFiles */,
				3DDFB61D0DFBF1DC00AE5191 /* openman in CopyFiles */,
			);
			runOnlyForDeploymentPostprocessing = 0;
		};
/* End PBXCopyFilesBuildPhase section */

/* Begin PBXFileReference section */
		089C165DFE840E0CC02AAC07 /* InfoPlist.strings */ = {isa = PBXFileReference; fileEncoding = 4; lastKnownFileType = text.plist.strings; name = InfoPlist.strings; path = ManOpen/English.lproj/InfoPlist.strings; sourceTree = "<group>"; };
		32CA4F630368D1EE00C91783 /* ManOpen-Universal_Prefix.pch */ = {isa = PBXFileReference; fileEncoding = 4; lastKnownFileType = sourcecode.c.h; path = "ManOpen-Universal_Prefix.pch"; sourceTree = "<group>"; };
		3D519C4B121448440067F7CB /* English */ = {isa = PBXFileReference; lastKnownFileType = file.xib; name = English; path = "ManOpen/English.lproj/ManOpen-macos.xib"; sourceTree = "<group>"; };
		3D519C5212144C960067F7CB /* English */ = {isa = PBXFileReference; lastKnownFileType = file.xib; name = English; path = ManOpen/English.lproj/PrefPanel.xib; sourceTree = "<group>"; };
		3D519C5412144C960067F7CB /* English */ = {isa = PBXFileReference; lastKnownFileType = file.xib; name = English; path = ManOpen/English.lproj/ManPageLibrarian.xib; sourceTree = "<group>"; };
		3D519C5612144C960067F7CB /* English */ = {isa = PBXFileReference; lastKnownFileType = file.xib; name = English; path = ManOpen/English.lproj/ManPage.xib; sourceTree = "<group>"; };
		3D519C5812144C960067F7CB /* English */ = {isa = PBXFileReference; lastKnownFileType = file.xib; name = English; path = ManOpen/English.lproj/FindPanel.xib; sourceTree = "<group>"; };
		3D519C5A12144C960067F7CB /* English */ = {isa = PBXFileReference; lastKnownFileType = file.xib; name = English; path = ManOpen/English.lproj/DocController.xib; sourceTree = "<group>"; };
		3D519C5C12144C960067F7CB /* English */ = {isa = PBXFileReference; lastKnownFileType = file.xib; name = English; path = ManOpen/English.lproj/Apropos.xib; sourceTree = "<group>"; };
		3D519C7812144F900067F7CB /* down.tiff */ = {isa = PBXFileReference; lastKnownFileType = image.tiff; path = down.tiff; sourceTree = "<group>"; };
		3D519C7912144F900067F7CB /* Find.tiff */ = {isa = PBXFileReference; lastKnownFileType = image.tiff; path = Find.tiff; sourceTree = "<group>"; };
		3D519C7A12144F900067F7CB /* FindLibrarian.tiff */ = {isa = PBXFileReference; lastKnownFileType = image.tiff; path = FindLibrarian.tiff; sourceTree = "<group>"; };
		3D519C7B12144F900067F7CB /* helpQMark.tiff */ = {isa = PBXFileReference; lastKnownFileType = image.tiff; path = helpQMark.tiff; sourceTree = "<group>"; };
		3D519C7C12144F900067F7CB /* up.tiff */ = {isa = PBXFileReference; lastKnownFileType = image.tiff; path = up.tiff; sourceTree = "<group>"; };
		3D64E5490DFBE63C0058D167 /* LinkCursor.tiff */ = {isa = PBXFileReference; lastKnownFileType = image.tiff; name = LinkCursor.tiff; path = ManOpen/LinkCursor.tiff; sourceTree = SOURCE_ROOT; };
		3D64E54A0DFBE63C0058D167 /* ManOpen.icns */ = {isa = PBXFileReference; lastKnownFileType = image.icns; name = ManOpen.icns; path = ManOpen/ManOpen.icns; sourceTree = SOURCE_ROOT; };
		3D64E54B0DFBE63C0058D167 /* ManOpen.tiff */ = {isa = PBXFileReference; lastKnownFileType = image.tiff; name = ManOpen.tiff; path = ManOpen/ManOpen.tiff; sourceTree = SOURCE_ROOT; };
		3D64E5520DFBE65F0058D167 /* English */ = {isa = PBXFileReference; lastKnownFileType = text.rtf; name = English; path = ManOpen/English.lproj/Credits.rtf; sourceTree = "<group>"; };
		3D64E5570DFBE6A20058D167 /* ManOpen.scriptTerminology */ = {isa = PBXFileReference; fileEncoding = 30; lastKnownFileType = text.plist.scriptTerminology; name = ManOpen.scriptTerminology; path = ManOpen/ManOpen.scriptTerminology; sourceTree = SOURCE_ROOT; };
		3D64E5590DFBE6B00058D167 /* ManOpen.scriptSuite */ = {isa = PBXFileReference; fileEncoding = 30; lastKnownFileType = text.plist.scriptSuite; name = ManOpen.scriptSuite; path = ManOpen/ManOpen.scriptSuite; sourceTree = SOURCE_ROOT; };
		3D64E55E0DFBE6E40058D167 /* PrefPanelController.h */ = {isa = PBXFileReference; fileEncoding = 4; lastKnownFileType = sourcecode.c.h; name = PrefPanelController.h; path = ManOpen/PrefPanelController.h; sourceTree = SOURCE_ROOT; };
		3D64E55F0DFBE6E40058D167 /* ManDocument.m */ = {isa = PBXFileReference; fileEncoding = 4; lastKnownFileType = sourcecode.c.objc; name = ManDocument.m; path = ManOpen/ManDocument.m; sourceTree = SOURCE_ROOT; };
		3D64E5600DFBE6E40058D167 /* AproposDocument.h */ = {isa = PBXFileReference; fileEncoding = 4; lastKnownFileType = sourcecode.c.h; name = AproposDocument.h; path = ManOpen/AproposDocument.h; sourceTree = SOURCE_ROOT; };
		3D64E5610DFBE6E40058D167 /* ManDocumentController.m */ = {isa = PBXFileReference; fileEncoding = 4; lastKnownFileType = sourcecode.c.objc; name = ManDocumentController.m; path = ManOpen/ManDocumentController.m; sourceTree = SOURCE_ROOT; };
		3D64E5620DFBE6E40058D167 /* ManDocumentController.h */ = {isa = PBXFileReference; fileEncoding = 4; lastKnownFileType = sourcecode.c.h; name = ManDocumentController.h; path = ManOpen/ManDocumentController.h; sourceTree = SOURCE_ROOT; };
		3D64E5630DFBE6E40058D167 /* NSData+Utils.m */ = {isa = PBXFileReference; fileEncoding = 4; lastKnownFileType = sourcecode.c.objc; name = "NSData+Utils.m"; path = "ManOpen/NSData+Utils.m"; sourceTree = SOURCE_ROOT; };
		3D64E5640DFBE6E40058D167 /* NSData+Utils.h */ = {isa = PBXFileReference; fileEncoding = 4; lastKnownFileType = sourcecode.c.h; name = "NSData+Utils.h"; path = "ManOpen/NSData+Utils.h"; sourceTree = SOURCE_ROOT; };
		3D64E5660DFBE6E40058D167 /* PrefPanelController.m */ = {isa = PBXFileReference; fileEncoding = 4; lastKnownFileType = sourcecode.c.objc; name = PrefPanelController.m; path = ManOpen/PrefPanelController.m; sourceTree = SOURCE_ROOT; };
		3D64E5670DFBE6E40058D167 /* FindPanelController.m */ = {isa = PBXFileReference; fileEncoding = 4; lastKnownFileType = sourcecode.c.objc; name = FindPanelController.m; path = ManOpen/FindPanelController.m; sourceTree = SOURCE_ROOT; };
		3D64E5680DFBE6E40058D167 /* ManOpenProtocol.h */ = {isa = PBXFileReference; fileEncoding = 4; lastKnownFileType = sourcecode.c.h; name = ManOpenProtocol.h; path = ManOpen/ManOpenProtocol.h; sourceTree = SOURCE_ROOT; };
		3D64E5690DFBE6E40058D167 /* ManOpen_main.m */ = {isa = PBXFileReference; fileEncoding = 4; lastKnownFileType = sourcecode.c.objc; name = ManOpen_main.m; path = ManOpen/ManOpen_main.m; sourceTree = SOURCE_ROOT; };
		3D64E56A0DFBE6E40058D167 /* FindPanelController.h */ = {isa = PBXFileReference; fileEncoding = 4; lastKnownFileType = sourcecode.c.h; name = FindPanelController.h; path = ManOpen/FindPanelController.h; sourceTree = SOURCE_ROOT; };
		3D64E56B0DFBE6E40058D167 /* AproposDocument.m */ = {isa = PBXFileReference; fileEncoding = 4; lastKnownFileType = sourcecode.c.objc; name = AproposDocument.m; path = ManOpen/AproposDocument.m; sourceTree = SOURCE_ROOT; };
		3D64E56C0DFBE6E40058D167 /* ManDocument.h */ = {isa = PBXFileReference; fileEncoding = 4; lastKnownFileType = sourcecode.c.h; name = ManDocument.h; path = ManOpen/ManDocument.h; sourceTree = SOURCE_ROOT; };
		3D64E59E0DFBE9480058D167 /* cat2rtf */ = {isa = PBXFileReference; explicitFileType = "compiled.mach-o.executable"; includeInIndex = 0; path = cat2rtf; sourceTree = BUILT_PRODUCTS_DIR; };
		3D64E5A70DFBE96F0058D167 /* cat2rtf.c */ = {isa = PBXFileReference; fileEncoding = 4; lastKnownFileType = sourcecode.c.c; name = cat2rtf.c; path = ManOpen/cat2rtf.tproj/cat2rtf.c; sourceTree = SOURCE_ROOT; };
		3D64E5B20DFBE9E60058D167 /* cat2html */ = {isa = PBXFileReference; explicitFileType = "compiled.mach-o.executable"; includeInIndex = 0; path = cat2html; sourceTree = BUILT_PRODUCTS_DIR; };
		3D64E5BE0DFBEA490058D167 /* cat2html.c */ = {isa = PBXFileReference; fileEncoding = 4; lastKnownFileType = sourcecode.c.c; name = cat2html.c; path = ManOpen/cat2html.tproj/cat2html.c; sourceTree = SOURCE_ROOT; };
		3D64E5CF0DFBEAE60058D167 /* openman */ = {isa = PBXFileReference; explicitFileType = "compiled.mach-o.executable"; includeInIndex = 0; path = openman; sourceTree = BUILT_PRODUCTS_DIR; };
		3D64E5DE0DFBEB0E0058D167 /* openman.m */ = {isa = PBXFileReference; fileEncoding = 4; lastKnownFileType = sourcecode.c.objc; name = openman.m; path = openman.tproj/openman.m; sourceTree = SOURCE_ROOT; };
		3D64E7940DFBF0190058D167 /* AppKit.framework */ = {isa = PBXFileReference; lastKnownFileType = wrapper.framework; name = AppKit.framework; path = System/Library/Frameworks/AppKit.framework; sourceTree = SDKROOT; };
		3D64E7950DFBF0190058D167 /* Foundation.framework */ = {isa = PBXFileReference; lastKnownFileType = wrapper.framework; name = Foundation.framework; path = System/Library/Frameworks/Foundation.framework; sourceTree = SDKROOT; };
		8D1107310486CEB800E47090 /* Info.plist */ = {isa = PBXFileReference; fileEncoding = 4; lastKnownFileType = text.plist; path = Info.plist; sourceTree = "<group>"; };
		8D1107320486CEB800E47090 /* ManOpen.app */ = {isa = PBXFileReference; explicitFileType = wrapper.application; includeInIndex = 0; path = ManOpen.app; sourceTree = BUILT_PRODUCTS_DIR; };
/* End PBXFileReference section */

/* Begin PBXFrameworksBuildPhase section */
		3D64E59C0DFBE9480058D167 /* Frameworks */ = {
			isa = PBXFrameworksBuildPhase;
			buildActionMask = 2147483647;
			files = (
				3D64E79B0DFBF0190058D167 /* Foundation.framework in Frameworks */,
			);
			runOnlyForDeploymentPostprocessing = 0;
		};
		3D64E5B00DFBE9E60058D167 /* Frameworks */ = {
			isa = PBXFrameworksBuildPhase;
			buildActionMask = 2147483647;
			files = (
				3D64E7990DFBF0190058D167 /* Foundation.framework in Frameworks */,
			);
			runOnlyForDeploymentPostprocessing = 0;
		};
		3D64E5CD0DFBEAE60058D167 /* Frameworks */ = {
			isa = PBXFrameworksBuildPhase;
			buildActionMask = 2147483647;
			files = (
				3D64E7960DFBF0190058D167 /* AppKit.framework in Frameworks */,
				3D64E7970DFBF0190058D167 /* Foundation.framework in Frameworks */,
			);
			runOnlyForDeploymentPostprocessing = 0;
		};
		8D11072E0486CEB800E47090 /* Frameworks */ = {
			isa = PBXFrameworksBuildPhase;
			buildActionMask = 2147483647;
			files = (
				3D64E79C0DFBF0190058D167 /* AppKit.framework in Frameworks */,
				3D64E79D0DFBF0190058D167 /* Foundation.framework in Frameworks */,
			);
			runOnlyForDeploymentPostprocessing = 0;
		};
/* End PBXFrameworksBuildPhase section */

/* Begin PBXGroup section */
		080E96DDFE201D6D7F000001 /* Classes */ = {
			isa = PBXGroup;
			children = (
			);
			name = Classes;
			sourceTree = "<group>";
		};
		1058C7A0FEA54F0111CA2CBB /* Linked Frameworks */ = {
			isa = PBXGroup;
			children = (
			);
			name = "Linked Frameworks";
			sourceTree = "<group>";
		};
		1058C7A2FEA54F0111CA2CBB /* Other Frameworks */ = {
			isa = PBXGroup;
			children = (
			);
			name = "Other Frameworks";
			sourceTree = "<group>";
		};
		19C28FACFE9D520D11CA2CBB /* Products */ = {
			isa = PBXGroup;
			children = (
				8D1107320486CEB800E47090 /* ManOpen.app */,
				3D64E59E0DFBE9480058D167 /* cat2rtf */,
				3D64E5B20DFBE9E60058D167 /* cat2html */,
				3D64E5CF0DFBEAE60058D167 /* openman */,
			);
			name = Products;
			sourceTree = "<group>";
		};
		29B97314FDCFA39411CA2CEA /* ManOpen-Universal */ = {
			isa = PBXGroup;
			children = (
				3D64E55E0DFBE6E40058D167 /* PrefPanelController.h */,
				3D64E55F0DFBE6E40058D167 /* ManDocument.m */,
				3D64E5600DFBE6E40058D167 /* AproposDocument.h */,
				3D64E5610DFBE6E40058D167 /* ManDocumentController.m */,
				3D64E5A70DFBE96F0058D167 /* cat2rtf.c */,
				3D64E5620DFBE6E40058D167 /* ManDocumentController.h */,
				3D64E5630DFBE6E40058D167 /* NSData+Utils.m */,
				3D64E5640DFBE6E40058D167 /* NSData+Utils.h */,
				3D64E5660DFBE6E40058D167 /* PrefPanelController.m */,
				3D64E5670DFBE6E40058D167 /* FindPanelController.m */,
				3D64E5680DFBE6E40058D167 /* ManOpenProtocol.h */,
				3D64E5BE0DFBEA490058D167 /* cat2html.c */,
				3D64E5690DFBE6E40058D167 /* ManOpen_main.m */,
				3D64E56A0DFBE6E40058D167 /* FindPanelController.h */,
				3D64E56B0DFBE6E40058D167 /* AproposDocument.m */,
				3D64E5DE0DFBEB0E0058D167 /* openman.m */,
				3D64E56C0DFBE6E40058D167 /* ManDocument.h */,
				080E96DDFE201D6D7F000001 /* Classes */,
				29B97315FDCFA39411CA2CEA /* Other Sources */,
				29B97317FDCFA39411CA2CEA /* Resources */,
				3D519C7712144F900067F7CB /* Images */,
				29B97323FDCFA39411CA2CEA /* Frameworks */,
				19C28FACFE9D520D11CA2CBB /* Products */,
			);
			name = "ManOpen-Universal";
			sourceTree = "<group>";
		};
		29B97315FDCFA39411CA2CEA /* Other Sources */ = {
			isa = PBXGroup;
			children = (
				32CA4F630368D1EE00C91783 /* ManOpen-Universal_Prefix.pch */,
			);
			name = "Other Sources";
			sourceTree = "<group>";
		};
		29B97317FDCFA39411CA2CEA /* Resources */ = {
			isa = PBXGroup;
			children = (
				3D519C5B12144C960067F7CB /* Apropos.xib */,
				3D519C5912144C960067F7CB /* DocController.xib */,
				3D519C5712144C960067F7CB /* FindPanel.xib */,
				3D519C5512144C960067F7CB /* ManPage.xib */,
				3D519C5312144C960067F7CB /* ManPageLibrarian.xib */,
				3D519C5112144C960067F7CB /* PrefPanel.xib */,
				3D519C4A121448440067F7CB /* ManOpen-macos.xib */,
				3D64E5590DFBE6B00058D167 /* ManOpen.scriptSuite */,
				3D64E5570DFBE6A20058D167 /* ManOpen.scriptTerminology */,
				3D64E5510DFBE65F0058D167 /* Credits.rtf */,
				3D64E5490DFBE63C0058D167 /* LinkCursor.tiff */,
				3D64E54A0DFBE63C0058D167 /* ManOpen.icns */,
				3D64E54B0DFBE63C0058D167 /* ManOpen.tiff */,
				8D1107310486CEB800E47090 /* Info.plist */,
				089C165CFE840E0CC02AAC07 /* InfoPlist.strings */,
			);
			name = Resources;
			sourceTree = "<group>";
		};
		29B97323FDCFA39411CA2CEA /* Frameworks */ = {
			isa = PBXGroup;
			children = (
				3D64E7940DFBF0190058D167 /* AppKit.framework */,
				3D64E7950DFBF0190058D167 /* Foundation.framework */,
				1058C7A0FEA54F0111CA2CBB /* Linked Frameworks */,
				1058C7A2FEA54F0111CA2CBB /* Other Frameworks */,
			);
			name = Frameworks;
			sourceTree = "<group>";
		};
		3D519C7712144F900067F7CB /* Images */ = {
			isa = PBXGroup;
			children = (
				3D519C7812144F900067F7CB /* down.tiff */,
				3D519C7912144F900067F7CB /* Find.tiff */,
				3D519C7A12144F900067F7CB /* FindLibrarian.tiff */,
				3D519C7B12144F900067F7CB /* helpQMark.tiff */,
				3D519C7C12144F900067F7CB /* up.tiff */,
			);
			path = Images;
			sourceTree = "<group>";
		};
/* End PBXGroup section */

/* Begin PBXNativeTarget section */
		3D64E59D0DFBE9480058D167 /* cat2rtf */ = {
			isa = PBXNativeTarget;
			buildConfigurationList = 3D64E5A40DFBE9600058D167 /* Build configuration list for PBXNativeTarget "cat2rtf" */;
			buildPhases = (
				3D64E59B0DFBE9480058D167 /* Sources */,
				3D64E59C0DFBE9480058D167 /* Frameworks */,
			);
			buildRules = (
			);
			dependencies = (
			);
			name = cat2rtf;
			productName = cat2rtf;
			productReference = 3D64E59E0DFBE9480058D167 /* cat2rtf */;
			productType = "com.apple.product-type.tool";
		};
		3D64E5B10DFBE9E60058D167 /* cat2html */ = {
			isa = PBXNativeTarget;
			buildConfigurationList = 3D64E5B40DFBEA040058D167 /* Build configuration list for PBXNativeTarget "cat2html" */;
			buildPhases = (
				3D64E5AF0DFBE9E60058D167 /* Sources */,
				3D64E5B00DFBE9E60058D167 /* Frameworks */,
			);
			buildRules = (
			);
			dependencies = (
			);
			name = cat2html;
			productName = cat2html;
			productReference = 3D64E5B20DFBE9E60058D167 /* cat2html */;
			productType = "com.apple.product-type.tool";
		};
		3D64E5CE0DFBEAE60058D167 /* openman */ = {
			isa = PBXNativeTarget;
			buildConfigurationList = 3D64E5DB0DFBEB010058D167 /* Build configuration list for PBXNativeTarget "openman" */;
			buildPhases = (
				3D64E5CC0DFBEAE60058D167 /* Sources */,
				3D64E5CD0DFBEAE60058D167 /* Frameworks */,
			);
			buildRules = (
			);
			dependencies = (
			);
			name = openman;
			productName = openman;
			productReference = 3D64E5CF0DFBEAE60058D167 /* openman */;
			productType = "com.apple.product-type.tool";
		};
		8D1107260486CEB800E47090 /* ManOpen */ = {
			isa = PBXNativeTarget;
			buildConfigurationList = C01FCF4A08A954540054247B /* Build configuration list for PBXNativeTarget "ManOpen" */;
			buildPhases = (
				8D1107290486CEB800E47090 /* Resources */,
				8D11072C0486CEB800E47090 /* Sources */,
				8D11072E0486CEB800E47090 /* Frameworks */,
				3D64E6CD0DFBEEF10058D167 /* CopyFiles */,
			);
			buildRules = (
			);
			dependencies = (
				3D64E68D0DFBEC180058D167 /* PBXTargetDependency */,
				3D64E68F0DFBEC1F0058D167 /* PBXTargetDependency */,
				3DDFB6180DFBF1D100AE5191 /* PBXTargetDependency */,
			);
			name = ManOpen;
			productInstallPath = "$(HOME)/Applications";
			productName = "ManOpen-Universal";
			productReference = 8D1107320486CEB800E47090 /* ManOpen.app */;
			productType = "com.apple.product-type.application";
		};
/* End PBXNativeTarget section */

/* Begin PBXProject section */
		29B97313FDCFA39411CA2CEA /* Project object */ = {
			isa = PBXProject;
			buildConfigurationList = C01FCF4E08A954540054247B /* Build configuration list for PBXProject "ManOpen" */;
			compatibilityVersion = "Xcode 2.4";
			hasScannedForEncodings = 1;
			mainGroup = 29B97314FDCFA39411CA2CEA /* ManOpen-Universal */;
			projectDirPath = "";
			projectRoot = "";
			targets = (
				8D1107260486CEB800E47090 /* ManOpen */,
				3D64E59D0DFBE9480058D167 /* cat2rtf */,
				3D64E5B10DFBE9E60058D167 /* cat2html */,
				3D64E5CE0DFBEAE60058D167 /* openman */,
			);
		};
/* End PBXProject section */

/* Begin PBXResourcesBuildPhase section */
		8D1107290486CEB800E47090 /* Resources */ = {
			isa = PBXResourcesBuildPhase;
			buildActionMask = 2147483647;
			files = (
				8D11072B0486CEB800E47090 /* InfoPlist.strings in Resources */,
				3D64E54C0DFBE63C0058D167 /* LinkCursor.tiff in Resources */,
				3D64E54D0DFBE63C0058D167 /* ManOpen.icns in Resources */,
				3D64E54E0DFBE63C0058D167 /* ManOpen.tiff in Resources */,
				3D64E5530DFBE65F0058D167 /* Credits.rtf in Resources */,
				3D64E5580DFBE6A20058D167 /* ManOpen.scriptTerminology in Resources */,
				3D64E55A0DFBE6B00058D167 /* ManOpen.scriptSuite in Resources */,
				3D519C4C121448440067F7CB /* ManOpen-macos.xib in Resources */,
				3D519C5D12144C960067F7CB /* PrefPanel.xib in Resources */,
				3D519C5E12144C960067F7CB /* ManPageLibrarian.xib in Resources */,
				3D519C5F12144C960067F7CB /* ManPage.xib in Resources */,
				3D519C6012144C960067F7CB /* FindPanel.xib in Resources */,
				3D519C6112144C960067F7CB /* DocController.xib in Resources */,
				3D519C6212144C960067F7CB /* Apropos.xib in Resources */,
				3D519C7D12144F900067F7CB /* down.tiff in Resources */,
				3D519C7E12144F900067F7CB /* Find.tiff in Resources */,
				3D519C7F12144F900067F7CB /* FindLibrarian.tiff in Resources */,
				3D519C8012144F900067F7CB /* helpQMark.tiff in Resources */,
				3D519C8112144F900067F7CB /* up.tiff in Resources */,
			);
			runOnlyForDeploymentPostprocessing = 0;
		};
/* End PBXResourcesBuildPhase section */

/* Begin PBXSourcesBuildPhase section */
		3D64E59B0DFBE9480058D167 /* Sources */ = {
			isa = PBXSourcesBuildPhase;
			buildActionMask = 2147483647;
			files = (
				3D64E5A80DFBE96F0058D167 /* cat2rtf.c in Sources */,
			);
			runOnlyForDeploymentPostprocessing = 0;
		};
		3D64E5AF0DFBE9E60058D167 /* Sources */ = {
			isa = PBXSourcesBuildPhase;
			buildActionMask = 2147483647;
			files = (
				3D64E5BF0DFBEA490058D167 /* cat2html.c in Sources */,
			);
			runOnlyForDeploymentPostprocessing = 0;
		};
		3D64E5CC0DFBEAE60058D167 /* Sources */ = {
			isa = PBXSourcesBuildPhase;
			buildActionMask = 2147483647;
			files = (
				3D64E5DF0DFBEB0E0058D167 /* openman.m in Sources */,
			);
			runOnlyForDeploymentPostprocessing = 0;
		};
		8D11072C0486CEB800E47090 /* Sources */ = {
			isa = PBXSourcesBuildPhase;
			buildActionMask = 2147483647;
			files = (
				3D64E56D0DFBE6E40058D167 /* ManDocument.m in Sources */,
				3D64E56E0DFBE6E40058D167 /* ManDocumentController.m in Sources */,
				3D64E56F0DFBE6E40058D167 /* NSData+Utils.m in Sources */,
				3D64E5700DFBE6E40058D167 /* PrefPanelController.m in Sources */,
				3D64E5710DFBE6E40058D167 /* FindPanelController.m in Sources */,
				3D64E5720DFBE6E40058D167 /* ManOpen_main.m in Sources */,
				3D64E5730DFBE6E40058D167 /* AproposDocument.m in Sources */,
			);
			runOnlyForDeploymentPostprocessing = 0;
		};
/* End PBXSourcesBuildPhase section */

/* Begin PBXTargetDependency section */
		3D64E68D0DFBEC180058D167 /* PBXTargetDependency */ = {
			isa = PBXTargetDependency;
			target = 3D64E59D0DFBE9480058D167 /* cat2rtf */;
			targetProxy = 3D64E68C0DFBEC180058D167 /* PBXContainerItemProxy */;
		};
		3D64E68F0DFBEC1F0058D167 /* PBXTargetDependency */ = {
			isa = PBXTargetDependency;
			target = 3D64E5B10DFBE9E60058D167 /* cat2html */;
			targetProxy = 3D64E68E0DFBEC1F0058D167 /* PBXContainerItemProxy */;
		};
		3DDFB6180DFBF1D100AE5191 /* PBXTargetDependency */ = {
			isa = PBXTargetDependency;
			target = 3D64E5CE0DFBEAE60058D167 /* openman */;
			targetProxy = 3DDFB6170DFBF1D100AE5191 /* PBXContainerItemProxy */;
		};
/* End PBXTargetDependency section */

/* Begin PBXVariantGroup section */
		089C165CFE840E0CC02AAC07 /* InfoPlist.strings */ = {
			isa = PBXVariantGroup;
			children = (
				089C165DFE840E0CC02AAC07 /* InfoPlist.strings */,
			);
			name = InfoPlist.strings;
			sourceTree = "<group>";
		};
		3D519C4A121448440067F7CB /* ManOpen-macos.xib */ = {
			isa = PBXVariantGroup;
			children = (
				3D519C4B121448440067F7CB /* English */,
			);
			name = "ManOpen-macos.xib";
			sourceTree = "<group>";
		};
		3D519C5112144C960067F7CB /* PrefPanel.xib */ = {
			isa = PBXVariantGroup;
			children = (
				3D519C5212144C960067F7CB /* English */,
			);
			name = PrefPanel.xib;
			sourceTree = "<group>";
		};
		3D519C5312144C960067F7CB /* ManPageLibrarian.xib */ = {
			isa = PBXVariantGroup;
			children = (
				3D519C5412144C960067F7CB /* English */,
			);
			name = ManPageLibrarian.xib;
			sourceTree = "<group>";
		};
		3D519C5512144C960067F7CB /* ManPage.xib */ = {
			isa = PBXVariantGroup;
			children = (
				3D519C5612144C960067F7CB /* English */,
			);
			name = ManPage.xib;
			sourceTree = "<group>";
		};
		3D519C5712144C960067F7CB /* FindPanel.xib */ = {
			isa = PBXVariantGroup;
			children = (
				3D519C5812144C960067F7CB /* English */,
			);
			name = FindPanel.xib;
			sourceTree = "<group>";
		};
		3D519C5912144C960067F7CB /* DocController.xib */ = {
			isa = PBXVariantGroup;
			children = (
				3D519C5A12144C960067F7CB /* English */,
			);
			name = DocController.xib;
			sourceTree = "<group>";
		};
		3D519C5B12144C960067F7CB /* Apropos.xib */ = {
			isa = PBXVariantGroup;
			children = (
				3D519C5C12144C960067F7CB /* English */,
			);
			name = Apropos.xib;
			sourceTree = "<group>";
		};
		3D64E5510DFBE65F0058D167 /* Credits.rtf */ = {
			isa = PBXVariantGroup;
			children = (
				3D64E5520DFBE65F0058D167 /* English */,
			);
			name = Credits.rtf;
			sourceTree = SOURCE_ROOT;
		};
/* End PBXVariantGroup section */

/* Begin XCBuildConfiguration section */
		3D64E5A50DFBE9600058D167 /* Debug */ = {
			isa = XCBuildConfiguration;
			buildSettings = {
				COPY_PHASE_STRIP = NO;
				GCC_DYNAMIC_NO_PIC = NO;
				GCC_ENABLE_FIX_AND_CONTINUE = YES;
				GCC_GENERATE_DEBUGGING_SYMBOLS = YES;
				GCC_MODEL_TUNING = G5;
				GCC_OPTIMIZATION_LEVEL = 0;
				INSTALL_PATH = "$(HOME)/bin";
				PREBINDING = NO;
				PRODUCT_NAME = cat2rtf;
				ZERO_LINK = YES;
			};
			name = Debug;
		};
		3D64E5A60DFBE9600058D167 /* Release */ = {
			isa = XCBuildConfiguration;
			buildSettings = {
				COPY_PHASE_STRIP = YES;
				GCC_ENABLE_FIX_AND_CONTINUE = NO;
				GCC_GENERATE_DEBUGGING_SYMBOLS = NO;
				GCC_MODEL_TUNING = G5;
				INSTALL_PATH = "$(HOME)/bin";
				PREBINDING = NO;
				PRODUCT_NAME = cat2rtf;
				ZERO_LINK = NO;
			};
			name = Release;
		};
		3D64E5B50DFBEA040058D167 /* Debug */ = {
			isa = XCBuildConfiguration;
			buildSettings = {
				COPY_PHASE_STRIP = NO;
				GCC_DYNAMIC_NO_PIC = NO;
				GCC_ENABLE_FIX_AND_CONTINUE = YES;
				GCC_GENERATE_DEBUGGING_SYMBOLS = YES;
				GCC_MODEL_TUNING = G5;
				GCC_OPTIMIZATION_LEVEL = 0;
				INSTALL_PATH = "$(HOME)/bin";
				PREBINDING = NO;
				PRODUCT_NAME = cat2html;
				ZERO_LINK = YES;
			};
			name = Debug;
		};
		3D64E5B60DFBEA040058D167 /* Release */ = {
			isa = XCBuildConfiguration;
			buildSettings = {
				COPY_PHASE_STRIP = YES;
				GCC_ENABLE_FIX_AND_CONTINUE = NO;
				GCC_GENERATE_DEBUGGING_SYMBOLS = NO;
				GCC_MODEL_TUNING = G5;
				INSTALL_PATH = "$(HOME)/bin";
				PREBINDING = NO;
				PRODUCT_NAME = cat2html;
				ZERO_LINK = NO;
			};
			name = Release;
		};
		3D64E5DC0DFBEB010058D167 /* Debug */ = {
			isa = XCBuildConfiguration;
			buildSettings = {
				COPY_PHASE_STRIP = NO;
				GCC_DYNAMIC_NO_PIC = NO;
				GCC_ENABLE_FIX_AND_CONTINUE = YES;
				GCC_GENERATE_DEBUGGING_SYMBOLS = YES;
				GCC_MODEL_TUNING = G5;
				GCC_OPTIMIZATION_LEVEL = 0;
				GCC_PRECOMPILE_PREFIX_HEADER = YES;
				GCC_PREFIX_HEADER = "$(SYSTEM_LIBRARY_DIR)/Frameworks/AppKit.framework/Headers/AppKit.h";
				INSTALL_PATH = "$(HOME)/bin";
				OTHER_LDFLAGS = (
					"-framework",
					Foundation,
					"-framework",
					AppKit,
				);
				PREBINDING = NO;
				PRODUCT_NAME = openman;
				ZERO_LINK = YES;
			};
			name = Debug;
		};
		3D64E5DD0DFBEB010058D167 /* Release */ = {
			isa = XCBuildConfiguration;
			buildSettings = {
				COPY_PHASE_STRIP = YES;
				GCC_ENABLE_FIX_AND_CONTINUE = NO;
				GCC_GENERATE_DEBUGGING_SYMBOLS = NO;
				GCC_MODEL_TUNING = G5;
				GCC_PRECOMPILE_PREFIX_HEADER = YES;
				GCC_PREFIX_HEADER = "$(SYSTEM_LIBRARY_DIR)/Frameworks/AppKit.framework/Headers/AppKit.h";
				INSTALL_PATH = "$(HOME)/bin";
				OTHER_LDFLAGS = (
					"-framework",
					Foundation,
					"-framework",
					AppKit,
				);
				PREBINDING = NO;
				PRODUCT_NAME = openman;
				ZERO_LINK = NO;
			};
			name = Release;
		};
		C01FCF4B08A954540054247B /* Debug */ = {
			isa = XCBuildConfiguration;
			buildSettings = {
				COPY_PHASE_STRIP = NO;
				GCC_DYNAMIC_NO_PIC = NO;
				GCC_ENABLE_FIX_AND_CONTINUE = YES;
				GCC_MODEL_TUNING = G5;
				GCC_OPTIMIZATION_LEVEL = 0;
				INFOPLIST_FILE = Info.plist;
				INSTALL_PATH = "$(HOME)/Applications";
				PRODUCT_NAME = ManOpen;
				WRAPPER_EXTENSION = app;
				ZERO_LINK = YES;
			};
			name = Debug;
		};
		C01FCF4C08A954540054247B /* Release */ = {
			isa = XCBuildConfiguration;
			buildSettings = {
				GCC_GENERATE_DEBUGGING_SYMBOLS = NO;
				GCC_MODEL_TUNING = G5;
				INFOPLIST_FILE = Info.plist;
				INSTALL_PATH = "$(HOME)/Applications";
				PRODUCT_NAME = ManOpen;
				WRAPPER_EXTENSION = app;
			};
			name = Release;
		};
		C01FCF4F08A954540054247B /* Debug */ = {
			isa = XCBuildConfiguration;
			buildSettings = {
				ARCHS = "$(ONLY_ACTIVE_ARCH_PRE_XCODE_3_1)";
				GCC_VERSION = com.apple.compilers.llvm.clang.1_0;
				GCC_WARN_ABOUT_RETURN_TYPE = YES;
				GCC_WARN_UNUSED_VARIABLE = YES;
				MACOSX_DEPLOYMENT_TARGET = 10.5;
				ONLY_ACTIVE_ARCH_PRE_XCODE_3_1 = "$(NATIVE_ARCH_ACTUAL)";
				PREBINDING = NO;
				SDKROOT = "$(DEVELOPER_SDK_DIR)/MacOSX10.6.sdk";
			};
			name = Debug;
		};
		C01FCF5008A954540054247B /* Release */ = {
			isa = XCBuildConfiguration;
			buildSettings = {
				ARCHS = "$(ARCHS_STANDARD_32_64_BIT_PRE_XCODE_3_1)";
				ARCHS_STANDARD_32_64_BIT_PRE_XCODE_3_1 = "x86_64 i386 ppc";
				GCC_VERSION = com.apple.compilers.llvm.clang.1_0;
				GCC_WARN_ABOUT_RETURN_TYPE = YES;
				GCC_WARN_UNUSED_VARIABLE = YES;
				MACOSX_DEPLOYMENT_TARGET = 10.5;
				ONLY_ACTIVE_ARCH = NO;
				PREBINDING = NO;
				SDKROOT = "$(DEVELOPER_SDK_DIR)/MacOSX10.6.sdk";
			};
			name = Release;
		};
/* End XCBuildConfiguration section */

/* Begin XCConfigurationList section */
		3D64E5A40DFBE9600058D167 /* Build configuration list for PBXNativeTarget "cat2rtf" */ = {
			isa = XCConfigurationList;
			buildConfigurations = (
				3D64E5A50DFBE9600058D167 /* Debug */,
				3D64E5A60DFBE9600058D167 /* Release */,
			);
			defaultConfigurationIsVisible = 0;
			defaultConfigurationName = Release;
		};
		3D64E5B40DFBEA040058D167 /* Build configuration list for PBXNativeTarget "cat2html" */ = {
			isa = XCConfigurationList;
			buildConfigurations = (
				3D64E5B50DFBEA040058D167 /* Debug */,
				3D64E5B60DFBEA040058D167 /* Release */,
			);
			defaultConfigurationIsVisible = 0;
			defaultConfigurationName = Release;
		};
		3D64E5DB0DFBEB010058D167 /* Build configuration list for PBXNativeTarget "openman" */ = {
			isa = XCConfigurationList;
			buildConfigurations = (
				3D64E5DC0DFBEB010058D167 /* Debug */,
				3D64E5DD0DFBEB010058D167 /* Release */,
			);
			defaultConfigurationIsVisible = 0;
			defaultConfigurationName = Release;
		};
		C01FCF4A08A954540054247B /* Build configuration list for PBXNativeTarget "ManOpen" */ = {
			isa = XCConfigurationList;
			buildConfigurations = (
				C01FCF4B08A954540054247B /* Debug */,
				C01FCF4C08A954540054247B /* Release */,
			);
			defaultConfigurationIsVisible = 0;
			defaultConfigurationName = Release;
		};
		C01FCF4E08A954540054247B /* Build configuration list for PBXProject "ManOpen" */ = {
			isa = XCConfigurationList;
			buildConfigurations = (
				C01FCF4F08A954540054247B /* Debug */,
				C01FCF5008A954540054247B /* Release */,
			);
			defaultConfigurationIsVisible = 0;
			defaultConfigurationName = Release;
		};
/* End XCConfigurationList section */
	};
	rootObject = 29B97313FDCFA39411CA2CEA /* Project object */;
}
